
Microsoft Visual Studio Solution File, Format Version 12.00
# Visual Studio Version 17
VisualStudioVersion = 17.4.33213.308
MinimumVisualStudioVersion = 10.0.40219.1
Project("{FAE04EC0-301F-11D3-BF4B-00C04F79EFBC}") = "employeewage01", "employeewage01.csproj", "{DE74322F-2BD9-4836-A0BB-199E597CFDFC}"
EndProject
Global
	GlobalSection(SolutionConfigurationPlatforms) = preSolution
		Debug|Any CPU = Debug|Any CPU
		Release|Any CPU = Release|Any CPU
	EndGlobalSection
	GlobalSection(ProjectConfigurationPlatforms) = postSolution
		{DE74322F-2BD9-4836-A0BB-199E597CFDFC}.Debug|Any CPU.ActiveCfg = Debug|Any CPU
		{DE74322F-2BD9-4836-A0BB-199E597CFDFC}.Debug|Any CPU.Build.0 = Debug|Any CPU
		{DE74322F-2BD9-4836-A0BB-199E597CFDFC}.Release|Any CPU.ActiveCfg = Release|Any CPU
		{DE74322F-2BD9-4836-A0BB-199E597CFDFC}.Release|Any CPU.Build.0 = Release|Any CPU
	EndGlobalSection
	GlobalSection(SolutionProperties) = preSolution
		HideSolutionNode = FALSE
	EndGlobalSection
	GlobalSection(ExtensibilityGlobals) = postSolution
		SolutionGuid = {4AE69E55-DE64-4F1E-9679-D9EE5B7717D4}
	EndGlobalSection
EndGlobal
